
Microsoft Visual Studio Solution File, Format Version 12.00
# Visual Studio Version 16
VisualStudioVersion = 16.0.31205.134
MinimumVisualStudioVersion = 10.0.40219.1
Project("{9A19103F-16F7-4668-BE54-9A1E7A4F7556}") = "V8.Web", "V8.Web\V8.Web.csproj", "{6F00A552-FFC3-46D5-BCEC-A3BBC6F1F2A4}"
EndProject
Project("{9A19103F-16F7-4668-BE54-9A1E7A4F7556}") = "V8.Application", "V8.Application\V8.Application.csproj", "{C702585E-75FB-4C45-A396-9BFA2F48D543}"
EndProject
Project("{9A19103F-16F7-4668-BE54-9A1E7A4F7556}") = "V8.Domain", "V8.Domain\V8.Domain.csproj", "{74F171A8-97F0-495F-9DA5-F3B537DAB882}"
EndProject
Project("{9A19103F-16F7-4668-BE54-9A1E7A4F7556}") = "V8.Infrastructure", "V8.Infrastructure\V8.Infrastructure.csproj", "{5EDC73FB-0983-4A13-92D6-15B058E46917}"
EndProject
Project("{9A19103F-16F7-4668-BE54-9A1E7A4F7556}") = "V8.Utility", "V8.Utility\V8.Utility.csproj", "{6034F43D-D592-4796-8701-2E91542F4052}"
EndProject
Project("{2150E333-8FDC-42A3-9474-1A3956D46DE8}") = "V8HangFire", "V8HangFire", "{86FDFD5F-C044-4AA0-9B4A-2D53CC635E57}"
EndProject
Project("{2150E333-8FDC-42A3-9474-1A3956D46DE8}") = "V8Notify", "V8Notify", "{7C959900-3AA2-4E24-9357-CE1C7CCD4895}"
EndProject
Project("{9A19103F-16F7-4668-BE54-9A1E7A4F7556}") = "V8.HangFire", "V8.HangFire\V8.HangFire.csproj", "{A6E0CF00-8EB5-4038-AEC5-ADCC04AF6C29}"
EndProject
Project("{9A19103F-16F7-4668-BE54-9A1E7A4F7556}") = "V8Hangfire.Domain", "V8Hangfire.Domain\V8Hangfire.Domain.csproj", "{59497141-38EF-44C3-9EC5-643C24D17844}"
EndProject
Project("{9A19103F-16F7-4668-BE54-9A1E7A4F7556}") = "V8Hangfire.Application", "V8Hangfire.Application\V8Hangfire.Application.csproj", "{F6E853AE-C50F-4BFA-BF86-50C26F41B719}"
EndProject
Project("{9A19103F-16F7-4668-BE54-9A1E7A4F7556}") = "V8Hangfire.Infrastructure", "V8Hangfire.Infrastructure\V8Hangfire.Infrastructure.csproj", "{B0F27E93-0D2B-4CFF-A8C2-B0B52AD911DD}"
EndProject
Project("{FAE04EC0-301F-11D3-BF4B-00C04F79EFBC}") = "V8Notify.Domain", "V8Notify.Domain\V8Notify.Domain.csproj", "{14C9AA3B-70CF-4EC4-B4C5-7F62AB9B7099}"
EndProject
Project("{FAE04EC0-301F-11D3-BF4B-00C04F79EFBC}") = "V8Notify.Application", "V8Notify.Application\V8Notify.Application.csproj", "{EDA3232B-BDA8-44B0-A89C-7E73964FF000}"
EndProject
Project("{FAE04EC0-301F-11D3-BF4B-00C04F79EFBC}") = "V8Notify.Infrastructure", "V8Notify.Infrastructure\V8Notify.Infrastructure.csproj", "{24D35C6C-8565-4744-828D-DF80063AE094}"
EndProject
Project("{FAE04EC0-301F-11D3-BF4B-00C04F79EFBC}") = "V8.Notify", "V8.Notify\V8.Notify.csproj", "{6580B023-CCF4-4338-A2AA-FAE18CB38F27}"
EndProject
Global
	GlobalSection(SolutionConfigurationPlatforms) = preSolution
		Debug|Any CPU = Debug|Any CPU
		Release|Any CPU = Release|Any CPU
	EndGlobalSection
	GlobalSection(ProjectConfigurationPlatforms) = postSolution
		{6F00A552-FFC3-46D5-BCEC-A3BBC6F1F2A4}.Debug|Any CPU.ActiveCfg = Debug|Any CPU
		{6F00A552-FFC3-46D5-BCEC-A3BBC6F1F2A4}.Debug|Any CPU.Build.0 = Debug|Any CPU
		{6F00A552-FFC3-46D5-BCEC-A3BBC6F1F2A4}.Release|Any CPU.ActiveCfg = Release|Any CPU
		{6F00A552-FFC3-46D5-BCEC-A3BBC6F1F2A4}.Release|Any CPU.Build.0 = Release|Any CPU
		{C702585E-75FB-4C45-A396-9BFA2F48D543}.Debug|Any CPU.ActiveCfg = Debug|Any CPU
		{C702585E-75FB-4C45-A396-9BFA2F48D543}.Debug|Any CPU.Build.0 = Debug|Any CPU
		{C702585E-75FB-4C45-A396-9BFA2F48D543}.Release|Any CPU.ActiveCfg = Release|Any CPU
		{C702585E-75FB-4C45-A396-9BFA2F48D543}.Release|Any CPU.Build.0 = Release|Any CPU
		{74F171A8-97F0-495F-9DA5-F3B537DAB882}.Debug|Any CPU.ActiveCfg = Debug|Any CPU
		{74F171A8-97F0-495F-9DA5-F3B537DAB882}.Debug|Any CPU.Build.0 = Debug|Any CPU
		{74F171A8-97F0-495F-9DA5-F3B537DAB882}.Release|Any CPU.ActiveCfg = Release|Any CPU
		{74F171A8-97F0-495F-9DA5-F3B537DAB882}.Release|Any CPU.Build.0 = Release|Any CPU
		{5EDC73FB-0983-4A13-92D6-15B058E46917}.Debug|Any CPU.ActiveCfg = Debug|Any CPU
		{5EDC73FB-0983-4A13-92D6-15B058E46917}.Debug|Any CPU.Build.0 = Debug|Any CPU
		{5EDC73FB-0983-4A13-92D6-15B058E46917}.Release|Any CPU.ActiveCfg = Release|Any CPU
		{5EDC73FB-0983-4A13-92D6-15B058E46917}.Release|Any CPU.Build.0 = Release|Any CPU
		{6034F43D-D592-4796-8701-2E91542F4052}.Debug|Any CPU.ActiveCfg = Debug|Any CPU
		{6034F43D-D592-4796-8701-2E91542F4052}.Debug|Any CPU.Build.0 = Debug|Any CPU
		{6034F43D-D592-4796-8701-2E91542F4052}.Release|Any CPU.ActiveCfg = Release|Any CPU
		{6034F43D-D592-4796-8701-2E91542F4052}.Release|Any CPU.Build.0 = Release|Any CPU
		{A6E0CF00-8EB5-4038-AEC5-ADCC04AF6C29}.Debug|Any CPU.ActiveCfg = Debug|Any CPU
		{A6E0CF00-8EB5-4038-AEC5-ADCC04AF6C29}.Debug|Any CPU.Build.0 = Debug|Any CPU
		{A6E0CF00-8EB5-4038-AEC5-ADCC04AF6C29}.Release|Any CPU.ActiveCfg = Release|Any CPU
		{A6E0CF00-8EB5-4038-AEC5-ADCC04AF6C29}.Release|Any CPU.Build.0 = Release|Any CPU
		{59497141-38EF-44C3-9EC5-643C24D17844}.Debug|Any CPU.ActiveCfg = Debug|Any CPU
		{59497141-38EF-44C3-9EC5-643C24D17844}.Debug|Any CPU.Build.0 = Debug|Any CPU
		{59497141-38EF-44C3-9EC5-643C24D17844}.Release|Any CPU.ActiveCfg = Release|Any CPU
		{59497141-38EF-44C3-9EC5-643C24D17844}.Release|Any CPU.Build.0 = Release|Any CPU
		{F6E853AE-C50F-4BFA-BF86-50C26F41B719}.Debug|Any CPU.ActiveCfg = Debug|Any CPU
		{F6E853AE-C50F-4BFA-BF86-50C26F41B719}.Debug|Any CPU.Build.0 = Debug|Any CPU
		{F6E853AE-C50F-4BFA-BF86-50C26F41B719}.Release|Any CPU.ActiveCfg = Release|Any CPU
		{F6E853AE-C50F-4BFA-BF86-50C26F41B719}.Release|Any CPU.Build.0 = Release|Any CPU
		{B0F27E93-0D2B-4CFF-A8C2-B0B52AD911DD}.Debug|Any CPU.ActiveCfg = Debug|Any CPU
		{B0F27E93-0D2B-4CFF-A8C2-B0B52AD911DD}.Debug|Any CPU.Build.0 = Debug|Any CPU
		{B0F27E93-0D2B-4CFF-A8C2-B0B52AD911DD}.Release|Any CPU.ActiveCfg = Release|Any CPU
		{B0F27E93-0D2B-4CFF-A8C2-B0B52AD911DD}.Release|Any CPU.Build.0 = Release|Any CPU
		{14C9AA3B-70CF-4EC4-B4C5-7F62AB9B7099}.Debug|Any CPU.ActiveCfg = Debug|Any CPU
		{14C9AA3B-70CF-4EC4-B4C5-7F62AB9B7099}.Debug|Any CPU.Build.0 = Debug|Any CPU
		{14C9AA3B-70CF-4EC4-B4C5-7F62AB9B7099}.Release|Any CPU.ActiveCfg = Release|Any CPU
		{14C9AA3B-70CF-4EC4-B4C5-7F62AB9B7099}.Release|Any CPU.Build.0 = Release|Any CPU
		{EDA3232B-BDA8-44B0-A89C-7E73964FF000}.Debug|Any CPU.ActiveCfg = Debug|Any CPU
		{EDA3232B-BDA8-44B0-A89C-7E73964FF000}.Debug|Any CPU.Build.0 = Debug|Any CPU
		{EDA3232B-BDA8-44B0-A89C-7E73964FF000}.Release|Any CPU.ActiveCfg = Release|Any CPU
		{EDA3232B-BDA8-44B0-A89C-7E73964FF000}.Release|Any CPU.Build.0 = Release|Any CPU
		{24D35C6C-8565-4744-828D-DF80063AE094}.Debug|Any CPU.ActiveCfg = Debug|Any CPU
		{24D35C6C-8565-4744-828D-DF80063AE094}.Debug|Any CPU.Build.0 = Debug|Any CPU
		{24D35C6C-8565-4744-828D-DF80063AE094}.Release|Any CPU.ActiveCfg = Release|Any CPU
		{24D35C6C-8565-4744-828D-DF80063AE094}.Release|Any CPU.Build.0 = Release|Any CPU
		{6580B023-CCF4-4338-A2AA-FAE18CB38F27}.Debug|Any CPU.ActiveCfg = Debug|Any CPU
		{6580B023-CCF4-4338-A2AA-FAE18CB38F27}.Debug|Any CPU.Build.0 = Debug|Any CPU
		{6580B023-CCF4-4338-A2AA-FAE18CB38F27}.Release|Any CPU.ActiveCfg = Release|Any CPU
		{6580B023-CCF4-4338-A2AA-FAE18CB38F27}.Release|Any CPU.Build.0 = Release|Any CPU
	EndGlobalSection
	GlobalSection(SolutionProperties) = preSolution
		HideSolutionNode = FALSE
	EndGlobalSection
	GlobalSection(NestedProjects) = preSolution
		{A6E0CF00-8EB5-4038-AEC5-ADCC04AF6C29} = {86FDFD5F-C044-4AA0-9B4A-2D53CC635E57}
		{59497141-38EF-44C3-9EC5-643C24D17844} = {86FDFD5F-C044-4AA0-9B4A-2D53CC635E57}
		{F6E853AE-C50F-4BFA-BF86-50C26F41B719} = {86FDFD5F-C044-4AA0-9B4A-2D53CC635E57}
		{B0F27E93-0D2B-4CFF-A8C2-B0B52AD911DD} = {86FDFD5F-C044-4AA0-9B4A-2D53CC635E57}
		{14C9AA3B-70CF-4EC4-B4C5-7F62AB9B7099} = {7C959900-3AA2-4E24-9357-CE1C7CCD4895}
		{EDA3232B-BDA8-44B0-A89C-7E73964FF000} = {7C959900-3AA2-4E24-9357-CE1C7CCD4895}
		{24D35C6C-8565-4744-828D-DF80063AE094} = {7C959900-3AA2-4E24-9357-CE1C7CCD4895}
		{6580B023-CCF4-4338-A2AA-FAE18CB38F27} = {7C959900-3AA2-4E24-9357-CE1C7CCD4895}
	EndGlobalSection
	GlobalSection(ExtensibilityGlobals) = postSolution
		SolutionGuid = {21FDCC24-881A-4AD3-A2E7-50ADCDBF3467}
	EndGlobalSection
EndGlobal
